
Microsoft Visual Studio Solution File, Format Version 12.00
# Visual Studio 15
VisualStudioVersion = 15.0.27703.1
MinimumVisualStudioVersion = 10.0.40219.1
Project("{9A19103F-16F7-4668-BE54-9A1E7A4F7556}") = "PurityAnalyzer", "PurityAnalyzer\PurityAnalyzer.csproj", "{96DDBEE8-6B8E-4DD0-95E8-E40427F22F5F}"
EndProject
Project("{FAE04EC0-301F-11D3-BF4B-00C04F79EFBC}") = "PurityAnalyzer.Vsix", "PurityAnalyzer.Vsix\PurityAnalyzer.Vsix.csproj", "{212D50E6-8EF9-43DE-B902-F166393D74EA}"
EndProject
Project("{FAE04EC0-301F-11D3-BF4B-00C04F79EFBC}") = "PurityAnalyzer.Tests", "PurityAnalyzer.Tests\PurityAnalyzer.Tests.csproj", "{71BC43D8-1CF6-4D82-A7CF-A80100968F17}"
EndProject
Project("{FAE04EC0-301F-11D3-BF4B-00C04F79EFBC}") = "PurityAnalyzer.Tests.CompiledCsharpLib", "PurityAnalyzer.Tests.CompiledCsharpLib\PurityAnalyzer.Tests.CompiledCsharpLib.csproj", "{415F2DDC-9AF0-409C-A124-14EE7BD3B91C}"
EndProject
Global
	GlobalSection(SolutionConfigurationPlatforms) = preSolution
		Debug|Any CPU = Debug|Any CPU
		Release|Any CPU = Release|Any CPU
	EndGlobalSection
	GlobalSection(ProjectConfigurationPlatforms) = postSolution
		{96DDBEE8-6B8E-4DD0-95E8-E40427F22F5F}.Debug|Any CPU.ActiveCfg = Debug|Any CPU
		{96DDBEE8-6B8E-4DD0-95E8-E40427F22F5F}.Debug|Any CPU.Build.0 = Debug|Any CPU
		{96DDBEE8-6B8E-4DD0-95E8-E40427F22F5F}.Release|Any CPU.ActiveCfg = Release|Any CPU
		{96DDBEE8-6B8E-4DD0-95E8-E40427F22F5F}.Release|Any CPU.Build.0 = Release|Any CPU
		{212D50E6-8EF9-43DE-B902-F166393D74EA}.Debug|Any CPU.ActiveCfg = Debug|Any CPU
		{212D50E6-8EF9-43DE-B902-F166393D74EA}.Debug|Any CPU.Build.0 = Debug|Any CPU
		{212D50E6-8EF9-43DE-B902-F166393D74EA}.Release|Any CPU.ActiveCfg = Release|Any CPU
		{212D50E6-8EF9-43DE-B902-F166393D74EA}.Release|Any CPU.Build.0 = Release|Any CPU
		{71BC43D8-1CF6-4D82-A7CF-A80100968F17}.Debug|Any CPU.ActiveCfg = Debug|Any CPU
		{71BC43D8-1CF6-4D82-A7CF-A80100968F17}.Debug|Any CPU.Build.0 = Debug|Any CPU
		{71BC43D8-1CF6-4D82-A7CF-A80100968F17}.Release|Any CPU.ActiveCfg = Release|Any CPU
		{71BC43D8-1CF6-4D82-A7CF-A80100968F17}.Release|Any CPU.Build.0 = Release|Any CPU
		{415F2DDC-9AF0-409C-A124-14EE7BD3B91C}.Debug|Any CPU.ActiveCfg = Debug|Any CPU
		{415F2DDC-9AF0-409C-A124-14EE7BD3B91C}.Debug|Any CPU.Build.0 = Debug|Any CPU
		{415F2DDC-9AF0-409C-A124-14EE7BD3B91C}.Release|Any CPU.ActiveCfg = Release|Any CPU
		{415F2DDC-9AF0-409C-A124-14EE7BD3B91C}.Release|Any CPU.Build.0 = Release|Any CPU
	EndGlobalSection
	GlobalSection(SolutionProperties) = preSolution
		HideSolutionNode = FALSE
	EndGlobalSection
	GlobalSection(ExtensibilityGlobals) = postSolution
		SolutionGuid = {9BA37607-B160-4A11-9294-E6CCE3FF356D}
	EndGlobalSection
EndGlobal
